// !$*UTF8*$!
{
	archiveVersion = 1;
	classes = {
	};
	objectVersion = 46;
	objects = {

/* Begin PBXBuildFile section */
		1DFBCF6F1DA2100A00474AD1 /* AppDelegate.swift in Sources */ = {isa = PBXBuildFile; fileRef = 1DFBCF6E1DA2100A00474AD1 /* AppDelegate.swift */; };
		1DFBCF711DA2100A00474AD1 /* ViewController.swift in Sources */ = {isa = PBXBuildFile; fileRef = 1DFBCF701DA2100A00474AD1 /* ViewController.swift */; };
		1DFBCF741DA2100A00474AD1 /* Main.storyboard in Resources */ = {isa = PBXBuildFile; fileRef = 1DFBCF721DA2100A00474AD1 /* Main.storyboard */; };
		1DFBCF761DA2100B00474AD1 /* Assets.xcassets in Resources */ = {isa = PBXBuildFile; fileRef = 1DFBCF751DA2100B00474AD1 /* Assets.xcassets */; };
		1DFBCF791DA2100B00474AD1 /* LaunchScreen.storyboard in Resources */ = {isa = PBXBuildFile; fileRef = 1DFBCF771DA2100B00474AD1 /* LaunchScreen.storyboard */; };
		93CF106F1B3490D2104F148F /* Pods_SimpleGitIgnored.framework in Frameworks */ = {isa = PBXBuildFile; fileRef = AAB2D40A0A3A180425D71255 /* Pods_SimpleGitIgnored.framework */; };
/* End PBXBuildFile section */

/* Begin PBXFileReference section */
		1DFBCF6B1DA2100A00474AD1 /* SimpleGitIgnored.app */ = {isa = PBXFileReference; explicitFileType = wrapper.application; includeInIndex = 0; path = SimpleGitIgnored.app; sourceTree = BUILT_PRODUCTS_DIR; };
		1DFBCF6E1DA2100A00474AD1 /* AppDelegate.swift */ = {isa = PBXFileReference; lastKnownFileType = sourcecode.swift; path = AppDelegate.swift; sourceTree = "<group>"; };
		1DFBCF701DA2100A00474AD1 /* ViewController.swift */ = {isa = PBXFileReference; lastKnownFileType = sourcecode.swift; path = ViewController.swift; sourceTree = "<group>"; };
		1DFBCF731DA2100A00474AD1 /* Base */ = {isa = PBXFileReference; lastKnownFileType = file.storyboard; name = Base; path = Base.lproj/Main.storyboard; sourceTree = "<group>"; };
		1DFBCF751DA2100B00474AD1 /* Assets.xcassets */ = {isa = PBXFileReference; lastKnownFileType = folder.assetcatalog; path = Assets.xcassets; sourceTree = "<group>"; };
		1DFBCF781DA2100B00474AD1 /* Base */ = {isa = PBXFileReference; lastKnownFileType = file.storyboard; name = Base; path = Base.lproj/LaunchScreen.storyboard; sourceTree = "<group>"; };
		1DFBCF7A1DA2100B00474AD1 /* Info.plist */ = {isa = PBXFileReference; lastKnownFileType = text.plist.xml; path = Info.plist; sourceTree = "<group>"; };
		77BE0F5C575C34FD10D727CD /* Pods-SimpleGitIgnored.debug.xcconfig */ = {isa = PBXFileReference; includeInIndex = 1; lastKnownFileType = text.xcconfig; name = "Pods-SimpleGitIgnored.debug.xcconfig"; path = "Pods/Target Support Files/Pods-SimpleGitIgnored/Pods-SimpleGitIgnored.debug.xcconfig"; sourceTree = "<group>"; };
		AAB2D40A0A3A180425D71255 /* Pods_SimpleGitIgnored.framework */ = {isa = PBXFileReference; explicitFileType = wrapper.framework; includeInIndex = 0; path = Pods_SimpleGitIgnored.framework; sourceTree = BUILT_PRODUCTS_DIR; };
		D2017F477022CAB1FE69997C /* Pods-SimpleGitIgnored.release.xcconfig */ = {isa = PBXFileReference; includeInIndex = 1; lastKnownFileType = text.xcconfig; name = "Pods-SimpleGitIgnored.release.xcconfig"; path = "Pods/Target Support Files/Pods-SimpleGitIgnored/Pods-SimpleGitIgnored.release.xcconfig"; sourceTree = "<group>"; };
/* End PBXFileReference section */

/* Begin PBXFrameworksBuildPhase section */
		1DFBCF681DA2100A00474AD1 /* Frameworks */ = {
			isa = PBXFrameworksBuildPhase;
			buildActionMask = 2147483647;
			files = (
				93CF106F1B3490D2104F148F /* Pods_SimpleGitIgnored.framework in Frameworks */,
			);
			runOnlyForDeploymentPostprocessing = 0;
		};
/* End PBXFrameworksBuildPhase section */

/* Begin PBXGroup section */
		0E2EF3FB180564A9A9B5429B /* Pods */ = {
			isa = PBXGroup;
			children = (
				77BE0F5C575C34FD10D727CD /* Pods-SimpleGitIgnored.debug.xcconfig */,
				D2017F477022CAB1FE69997C /* Pods-SimpleGitIgnored.release.xcconfig */,
			);
			name = Pods;
			sourceTree = "<group>";
		};
		1DFBCF621DA2100A00474AD1 = {
			isa = PBXGroup;
			children = (
				1DFBCF6D1DA2100A00474AD1 /* SimpleGitIgnored */,
				1DFBCF6C1DA2100A00474AD1 /* Products */,
				0E2EF3FB180564A9A9B5429B /* Pods */,
				C93C2DB10465E0ADAD790BBC /* Frameworks */,
			);
			sourceTree = "<group>";
		};
		1DFBCF6C1DA2100A00474AD1 /* Products */ = {
			isa = PBXGroup;
			children = (
				1DFBCF6B1DA2100A00474AD1 /* SimpleGitIgnored.app */,
			);
			name = Products;
			sourceTree = "<group>";
		};
		1DFBCF6D1DA2100A00474AD1 /* SimpleGitIgnored */ = {
			isa = PBXGroup;
			children = (
				1DFBCF6E1DA2100A00474AD1 /* AppDelegate.swift */,
				1DFBCF701DA2100A00474AD1 /* ViewController.swift */,
				1DFBCF721DA2100A00474AD1 /* Main.storyboard */,
				1DFBCF751DA2100B00474AD1 /* Assets.xcassets */,
				1DFBCF771DA2100B00474AD1 /* LaunchScreen.storyboard */,
				1DFBCF7A1DA2100B00474AD1 /* Info.plist */,
			);
			path = SimpleGitIgnored;
			sourceTree = "<group>";
		};
		C93C2DB10465E0ADAD790BBC /* Frameworks */ = {
			isa = PBXGroup;
			children = (
				AAB2D40A0A3A180425D71255 /* Pods_SimpleGitIgnored.framework */,
			);
			name = Frameworks;
			sourceTree = "<group>";
		};
/* End PBXGroup section */

/* Begin PBXNativeTarget section */
		1DFBCF6A1DA2100A00474AD1 /* SimpleGitIgnored */ = {
			isa = PBXNativeTarget;
			buildConfigurationList = 1DFBCF7D1DA2100B00474AD1 /* Build configuration list for PBXNativeTarget "SimpleGitIgnored" */;
			buildPhases = (
				1182F708A6DB03B46C846922 /* [CP] Check Pods Manifest.lock */,
				1DFBCF671DA2100A00474AD1 /* Sources */,
				1DFBCF681DA2100A00474AD1 /* Frameworks */,
				1DFBCF691DA2100A00474AD1 /* Resources */,
				4B940B6A5F09850ABB92655A /* [CP] Embed Pods Frameworks */,
				A6C2E6056E479A3F8401EB3D /* [CP] Copy Pods Resources */,
			);
			buildRules = (
			);
			dependencies = (
			);
			name = SimpleGitIgnored;
			productName = SimpleGitIgnored;
			productReference = 1DFBCF6B1DA2100A00474AD1 /* SimpleGitIgnored.app */;
			productType = "com.apple.product-type.application";
		};
/* End PBXNativeTarget section */

/* Begin PBXProject section */
		1DFBCF631DA2100A00474AD1 /* Project object */ = {
			isa = PBXProject;
			attributes = {
				LastSwiftUpdateCheck = 0800;
				LastUpgradeCheck = 0800;
				ORGANIZATIONNAME = "iOS Developer";
				TargetAttributes = {
					1DFBCF6A1DA2100A00474AD1 = {
						CreatedOnToolsVersion = 8.0;
						ProvisioningStyle = Automatic;
					};
				};
			};
			buildConfigurationList = 1DFBCF661DA2100A00474AD1 /* Build configuration list for PBXProject "SimpleGitIgnored" */;
			compatibilityVersion = "Xcode 3.2";
			developmentRegion = English;
			hasScannedForEncodings = 0;
			knownRegions = (
				en,
				Base,
			);
			mainGroup = 1DFBCF621DA2100A00474AD1;
			productRefGroup = 1DFBCF6C1DA2100A00474AD1 /* Products */;
			projectDirPath = "";
			projectRoot = "";
			targets = (
				1DFBCF6A1DA2100A00474AD1 /* SimpleGitIgnored */,
			);
		};
/* End PBXProject section */

/* Begin PBXResourcesBuildPhase section */
		1DFBCF691DA2100A00474AD1 /* Resources */ = {
			isa = PBXResourcesBuildPhase;
			buildActionMask = 2147483647;
			files = (
				1DFBCF791DA2100B00474AD1 /* LaunchScreen.storyboard in Resources */,
				1DFBCF761DA2100B00474AD1 /* Assets.xcassets in Resources */,
				1DFBCF741DA2100A00474AD1 /* Main.storyboard in Resources */,
			);
			runOnlyForDeploymentPostprocessing = 0;
		};
/* End PBXResourcesBuildPhase section */

/* Begin PBXShellScriptBuildPhase section */
		1182F708A6DB03B46C846922 /* [CP] Check Pods Manifest.lock */ = {
			isa = PBXShellScriptBuildPhase;
			buildActionMask = 2147483647;
			files = (
			);
			inputPaths = (
			);
			name = "[CP] Check Pods Manifest.lock";
			outputPaths = (
			);
			runOnlyForDeploymentPostprocessing = 0;
			shellPath = /bin/sh;
			shellScript = "diff \"${PODS_ROOT}/../Podfile.lock\" \"${PODS_ROOT}/Manifest.lock\" > /dev/null\nif [[ $? != 0 ]] ; then\n    cat << EOM\nerror: The sandbox is not in sync with the Podfile.lock. Run 'pod install' or update your CocoaPods installation.\nEOM\n    exit 1\nfi\n";
			showEnvVarsInLog = 0;
		};
		4B940B6A5F09850ABB92655A /* [CP] Embed Pods Frameworks */ = {
			isa = PBXShellScriptBuildPhase;
			buildActionMask = 2147483647;
			files = (
			);
			inputPaths = (
			);
			name = "[CP] Embed Pods Frameworks";
			outputPaths = (
			);
			runOnlyForDeploymentPostprocessing = 0;
			shellPath = /bin/sh;
			shellScript = "\"${SRCROOT}/Pods/Target Support Files/Pods-SimpleGitIgnored/Pods-SimpleGitIgnored-frameworks.sh\"\n";
			showEnvVarsInLog = 0;
		};
		A6C2E6056E479A3F8401EB3D /* [CP] Copy Pods Resources */ = {
			isa = PBXShellScriptBuildPhase;
			buildActionMask = 2147483647;
			files = (
			);
			inputPaths = (
			);
			name = "[CP] Copy Pods Resources";
			outputPaths = (
			);
			runOnlyForDeploymentPostprocessing = 0;
			shellPath = /bin/sh;
			shellScript = "\"${SRCROOT}/Pods/Target Support Files/Pods-SimpleGitIgnored/Pods-SimpleGitIgnored-resources.sh\"\n";
			showEnvVarsInLog = 0;
		};
/* End PBXShellScriptBuildPhase section */

/* Begin PBXSourcesBuildPhase section */
		1DFBCF671DA2100A00474AD1 /* Sources */ = {
			isa = PBXSourcesBuildPhase;
			buildActionMask = 2147483647;
			files = (
				1DFBCF711DA2100A00474AD1 /* ViewController.swift in Sources */,
				1DFBCF6F1DA2100A00474AD1 /* AppDelegate.swift in Sources */,
			);
			runOnlyForDeploymentPostprocessing = 0;
		};
/* End PBXSourcesBuildPhase section */

/* Begin PBXVariantGroup section */
		1DFBCF721DA2100A00474AD1 /* Main.storyboard */ = {
			isa = PBXVariantGroup;
			children = (
				1DFBCF731DA2100A00474AD1 /* Base */,
			);
			name = Main.storyboard;
			sourceTree = "<group>";
		};
		1DFBCF771DA2100B00474AD1 /* LaunchScreen.storyboard */ = {
			isa = PBXVariantGroup;
			children = (
				1DFBCF781DA2100B00474AD1 /* Base */,
			);
			name = LaunchScreen.storyboard;
			sourceTree = "<group>";
		};
/* End PBXVariantGroup section */

/* Begin XCBuildConfiguration section */
		1DFBCF7B1DA2100B00474AD1 /* Debug */ = {
			isa = XCBuildConfiguration;
			buildSettings = {
				ALWAYS_SEARCH_USER_PATHS = NO;
				CLANG_ANALYZER_NONNULL = YES;
				CLANG_CXX_LANGUAGE_STANDARD = "gnu++0x";
				CLANG_CXX_LIBRARY = "libc++";
				CLANG_ENABLE_MODULES = YES;
				CLANG_ENABLE_OBJC_ARC = YES;
				CLANG_WARN_BOOL_CONVERSION = YES;
				CLANG_WARN_CONSTANT_CONVERSION = YES;
				CLANG_WARN_DIRECT_OBJC_ISA_USAGE = YES_ERROR;
				CLANG_WARN_DOCUMENTATION_COMMENTS = YES;
				CLANG_WARN_EMPTY_BODY = YES;
				CLANG_WARN_ENUM_CONVERSION = YES;
				CLANG_WARN_INFINITE_RECURSION = YES;
				CLANG_WARN_INT_CONVERSION = YES;
				CLANG_WARN_OBJC_ROOT_CLASS = YES_ERROR;
				CLANG_WARN_SUSPICIOUS_MOVES = YES;
				CLANG_WARN_UNREACHABLE_CODE = YES;
				CLANG_WARN__DUPLICATE_METHOD_MATCH = YES;
				"CODE_SIGN_IDENTITY[sdk=iphoneos*]" = "iPhone Developer";
				COPY_PHASE_STRIP = NO;
				DEBUG_INFORMATION_FORMAT = dwarf;
				ENABLE_STRICT_OBJC_MSGSEND = YES;
				ENABLE_TESTABILITY = YES;
				GCC_C_LANGUAGE_STANDARD = gnu99;
				GCC_DYNAMIC_NO_PIC = NO;
				GCC_NO_COMMON_BLOCKS = YES;
				GCC_OPTIMIZATION_LEVEL = 0;
				GCC_PREPROCESSOR_DEFINITIONS = (
					"DEBUG=1",
					"$(inherited)",
				);
				GCC_WARN_64_TO_32_BIT_CONVERSION = YES;
				GCC_WARN_ABOUT_RETURN_TYPE = YES_ERROR;
				GCC_WARN_UNDECLARED_SELECTOR = YES;
				GCC_WARN_UNINITIALIZED_AUTOS = YES_AGGRESSIVE;
				GCC_WARN_UNUSED_FUNCTION = YES;
				GCC_WARN_UNUSED_VARIABLE = YES;
				IPHONEOS_DEPLOYMENT_TARGET = 10.0;
				MTL_ENABLE_DEBUG_INFO = YES;
				ONLY_ACTIVE_ARCH = YES;
				SDKROOT = iphoneos;
				SWIFT_ACTIVE_COMPILATION_CONDITIONS = DEBUG;
				SWIFT_OPTIMIZATION_LEVEL = "-Onone";
				TARGETED_DEVICE_FAMILY = "1,2";
			};
			name = Debug;
		};
		1DFBCF7C1DA2100B00474AD1 /* Release */ = {
			isa = XCBuildConfiguration;
			buildSettings = {
				ALWAYS_SEARCH_USER_PATHS = NO;
				CLANG_ANALYZER_NONNULL = YES;
				CLANG_CXX_LANGUAGE_STANDARD = "gnu++0x";
				CLANG_CXX_LIBRARY = "libc++";
				CLANG_ENABLE_MODULES = YES;
				CLANG_ENABLE_OBJC_ARC = YES;
				CLANG_WARN_BOOL_CONVERSION = YES;
				CLANG_WARN_CONSTANT_CONVERSION = YES;
				CLANG_WARN_DIRECT_OBJC_ISA_USAGE = YES_ERROR;
				CLANG_WARN_DOCUMENTATION_COMMENTS = YES;
				CLANG_WARN_EMPTY_BODY = YES;
				CLANG_WARN_ENUM_CONVERSION = YES;
				CLANG_WARN_INFINITE_RECURSION = YES;
				CLANG_WARN_INT_CONVERSION = YES;
				CLANG_WARN_OBJC_ROOT_CLASS = YES_ERROR;
				CLANG_WARN_SUSPICIOUS_MOVES = YES;
				CLANG_WARN_UNREACHABLE_CODE = YES;
				CLANG_WARN__DUPLICATE_METHOD_MATCH = YES;
				"CODE_SIGN_IDENTITY[sdk=iphoneos*]" = "iPhone Developer";
				COPY_PHASE_STRIP = NO;
				DEBUG_INFORMATION_FORMAT = "dwarf-with-dsym";
				ENABLE_NS_ASSERTIONS = NO;
				ENABLE_STRICT_OBJC_MSGSEND = YES;
				GCC_C_LANGUAGE_STANDARD = gnu99;
				GCC_NO_COMMON_BLOCKS = YES;
				GCC_WARN_64_TO_32_BIT_CONVERSION = YES;
				GCC_WARN_ABOUT_RETURN_TYPE = YES_ERROR;
				GCC_WARN_UNDECLARED_SELECTOR = YES;
				GCC_WARN_UNINITIALIZED_AUTOS = YES_AGGRESSIVE;
				GCC_WARN_UNUSED_FUNCTION = YES;
				GCC_WARN_UNUSED_VARIABLE = YES;
				IPHONEOS_DEPLOYMENT_TARGET = 10.0;
				MTL_ENABLE_DEBUG_INFO = NO;
				SDKROOT = iphoneos;
				SWIFT_OPTIMIZATION_LEVEL = "-Owholemodule";
				TARGETED_DEVICE_FAMILY = "1,2";
				VALIDATE_PRODUCT = YES;
			};
			name = Release;
		};
		1DFBCF7E1DA2100B00474AD1 /* Debug */ = {
			isa = XCBuildConfiguration;
			baseConfigurationReference = 77BE0F5C575C34FD10D727CD /* Pods-SimpleGitIgnored.debug.xcconfig */;
			buildSettings = {
				ASSETCATALOG_COMPILER_APPICON_NAME = AppIcon;
				INFOPLIST_FILE = SimpleGitIgnored/Info.plist;
				LD_RUNPATH_SEARCH_PATHS = "$(inherited) @executable_path/Frameworks";
				PRODUCT_BUNDLE_IDENTIFIER = com.iOSDev.SimpleGitIgnored;
				PRODUCT_NAME = "$(TARGET_NAME)";
				SWIFT_VERSION = 3.0;
			};
			name = Debug;
		};
		1DFBCF7F1DA2100B00474AD1 /* Release */ = {
			isa = XCBuildConfiguration;
			baseConfigurationReference = D2017F477022CAB1FE69997C /* Pods-SimpleGitIgnored.release.xcconfig */;
			buildSettings = {
				ASSETCATALOG_COMPILER_APPICON_NAME = AppIcon;
				INFOPLIST_FILE = SimpleGitIgnored/Info.plist;
				LD_RUNPATH_SEARCH_PATHS = "$(inherited) @executable_path/Frameworks";
				PRODUCT_BUNDLE_IDENTIFIER = com.iOSDev.SimpleGitIgnored;
				PRODUCT_NAME = "$(TARGET_NAME)";
				SWIFT_VERSION = 3.0;
			};
			name = Release;
		};
/* End XCBuildConfiguration section */

/* Begin XCConfigurationList section */
		1DFBCF661DA2100A00474AD1 /* Build configuration list for PBXProject "SimpleGitIgnored" */ = {
			isa = XCConfigurationList;
			buildConfigurations = (
				1DFBCF7B1DA2100B00474AD1 /* Debug */,
				1DFBCF7C1DA2100B00474AD1 /* Release */,
			);
			defaultConfigurationIsVisible = 0;
			defaultConfigurationName = Release;
		};
		1DFBCF7D1DA2100B00474AD1 /* Build configuration list for PBXNativeTarget "SimpleGitIgnored" */ = {
			isa = XCConfigurationList;
			buildConfigurations = (
				1DFBCF7E1DA2100B00474AD1 /* Debug */,
				1DFBCF7F1DA2100B00474AD1 /* Release */,
			);
			defaultConfigurationIsVisible = 0;
			defaultConfigurationName = Release;
		};
/* End XCConfigurationList section */
	};
	rootObject = 1DFBCF631DA2100A00474AD1 /* Project object */;
}
